
Microsoft Visual Studio Solution File, Format Version 12.00
# Visual Studio Version 16
VisualStudioVersion = 16.0.29020.237
MinimumVisualStudioVersion = 10.0.40219.1
Project("{9A19103F-16F7-4668-BE54-9A1E7A4F7556}") = "CreationalPatterns", "CreationalPatterns\CreationalPatterns.csproj", "{9CB10300-408D-4D2F-BB75-DE3FCF0A981D}"
EndProject
Project("{9A19103F-16F7-4668-BE54-9A1E7A4F7556}") = "StructuralPatterns", "StructuralPatterns\StructuralPatterns.csproj", "{6EFFEFAE-CD8A-4DCC-9803-0A3AFEF1FC7B}"
EndProject
Project("{9A19103F-16F7-4668-BE54-9A1E7A4F7556}") = "BehaviouralPatterns", "BehaviouralPatterns\BehaviouralPatterns.csproj", "{E8894FFC-2B39-4E1C-8351-450A9D05CFB4}"
EndProject
Project("{9A19103F-16F7-4668-BE54-9A1E7A4F7556}") = "CsPatternsCli", "CsPatternsCli\CsPatternsCli.csproj", "{A50A12C1-171C-43ED-94A4-3AB99E96B61C}"
EndProject
Project("{2150E333-8FDC-42A3-9474-1A3956D46DE8}") = "GangOfFour", "GangOfFour", "{3C321C15-E353-4C2D-8D2F-EBD76F101F81}"
EndProject
Project("{2150E333-8FDC-42A3-9474-1A3956D46DE8}") = "SOLID", "SOLID", "{27CD5FED-1EAC-4EC7-A960-35916E7850A4}"
EndProject
Project("{2150E333-8FDC-42A3-9474-1A3956D46DE8}") = "DotNetCoreBasics", "DotNetCoreBasics", "{71E89727-D060-445E-94BE-57BD5C5C9F82}"
EndProject
Project("{9A19103F-16F7-4668-BE54-9A1E7A4F7556}") = "DotNetCoreBasics.ConfigurationCli", "DotNetCoreBasics.ConfigurationCli\DotNetCoreBasics.ConfigurationCli.csproj", "{219B2F8F-6EE4-4839-ACFC-D7C31A158485}"
EndProject
Project("{9A19103F-16F7-4668-BE54-9A1E7A4F7556}") = "DotNetCoreBasics.LoggingCli", "DotNetCoreBasics.LoggingCli\DotNetCoreBasics.LoggingCli.csproj", "{0B8F91CF-1C62-44F1-BFC8-C40E74E18572}"
EndProject
Project("{2150E333-8FDC-42A3-9474-1A3956D46DE8}") = "AspNetCoreBasics", "AspNetCoreBasics", "{C1AC0087-A698-4A5B-836A-1FDA81C37D51}"
EndProject
Project("{9A19103F-16F7-4668-BE54-9A1E7A4F7556}") = "AspNetCoreBasics.ApiSamples", "AspNetCoreBasics.ApiSamples\AspNetCoreBasics.ApiSamples.csproj", "{8EE9A0EC-2D36-48DC-942E-DF809D47D347}"
EndProject
Project("{2150E333-8FDC-42A3-9474-1A3956D46DE8}") = "HttpClientBasics", "HttpClientBasics", "{1098723F-CEA2-4291-B09E-66295B2CE875}"
EndProject
Project("{9A19103F-16F7-4668-BE54-9A1E7A4F7556}") = "HttpClientBasicsCli", "HttpClientBasicsCli\HttpClientBasicsCli.csproj", "{D2B6E606-5DBF-4DDA-BD0C-ADA98A61C566}"
EndProject
Project("{2150E333-8FDC-42A3-9474-1A3956D46DE8}") = "AsyncAwaitBasics", "AsyncAwaitBasics", "{FB191F7F-44F9-4EBE-9C2C-85EBDF49B5DF}"
EndProject
Project("{9A19103F-16F7-4668-BE54-9A1E7A4F7556}") = "AsyncAwaitBasicsWebApp", "AsyncAwaitBasicsWebApp\AsyncAwaitBasicsWebApp.csproj", "{80EC04A3-B526-4758-9E70-178E5EBC2E7D}"
EndProject
Global
	GlobalSection(SolutionConfigurationPlatforms) = preSolution
		Debug|Any CPU = Debug|Any CPU
		Release|Any CPU = Release|Any CPU
	EndGlobalSection
	GlobalSection(ProjectConfigurationPlatforms) = postSolution
		{9CB10300-408D-4D2F-BB75-DE3FCF0A981D}.Debug|Any CPU.ActiveCfg = Debug|Any CPU
		{9CB10300-408D-4D2F-BB75-DE3FCF0A981D}.Debug|Any CPU.Build.0 = Debug|Any CPU
		{9CB10300-408D-4D2F-BB75-DE3FCF0A981D}.Release|Any CPU.ActiveCfg = Release|Any CPU
		{9CB10300-408D-4D2F-BB75-DE3FCF0A981D}.Release|Any CPU.Build.0 = Release|Any CPU
		{6EFFEFAE-CD8A-4DCC-9803-0A3AFEF1FC7B}.Debug|Any CPU.ActiveCfg = Debug|Any CPU
		{6EFFEFAE-CD8A-4DCC-9803-0A3AFEF1FC7B}.Debug|Any CPU.Build.0 = Debug|Any CPU
		{6EFFEFAE-CD8A-4DCC-9803-0A3AFEF1FC7B}.Release|Any CPU.ActiveCfg = Release|Any CPU
		{6EFFEFAE-CD8A-4DCC-9803-0A3AFEF1FC7B}.Release|Any CPU.Build.0 = Release|Any CPU
		{E8894FFC-2B39-4E1C-8351-450A9D05CFB4}.Debug|Any CPU.ActiveCfg = Debug|Any CPU
		{E8894FFC-2B39-4E1C-8351-450A9D05CFB4}.Debug|Any CPU.Build.0 = Debug|Any CPU
		{E8894FFC-2B39-4E1C-8351-450A9D05CFB4}.Release|Any CPU.ActiveCfg = Release|Any CPU
		{E8894FFC-2B39-4E1C-8351-450A9D05CFB4}.Release|Any CPU.Build.0 = Release|Any CPU
		{A50A12C1-171C-43ED-94A4-3AB99E96B61C}.Debug|Any CPU.ActiveCfg = Debug|Any CPU
		{A50A12C1-171C-43ED-94A4-3AB99E96B61C}.Debug|Any CPU.Build.0 = Debug|Any CPU
		{A50A12C1-171C-43ED-94A4-3AB99E96B61C}.Release|Any CPU.ActiveCfg = Release|Any CPU
		{A50A12C1-171C-43ED-94A4-3AB99E96B61C}.Release|Any CPU.Build.0 = Release|Any CPU
		{219B2F8F-6EE4-4839-ACFC-D7C31A158485}.Debug|Any CPU.ActiveCfg = Debug|Any CPU
		{219B2F8F-6EE4-4839-ACFC-D7C31A158485}.Debug|Any CPU.Build.0 = Debug|Any CPU
		{219B2F8F-6EE4-4839-ACFC-D7C31A158485}.Release|Any CPU.ActiveCfg = Release|Any CPU
		{219B2F8F-6EE4-4839-ACFC-D7C31A158485}.Release|Any CPU.Build.0 = Release|Any CPU
		{0B8F91CF-1C62-44F1-BFC8-C40E74E18572}.Debug|Any CPU.ActiveCfg = Debug|Any CPU
		{0B8F91CF-1C62-44F1-BFC8-C40E74E18572}.Debug|Any CPU.Build.0 = Debug|Any CPU
		{0B8F91CF-1C62-44F1-BFC8-C40E74E18572}.Release|Any CPU.ActiveCfg = Release|Any CPU
		{0B8F91CF-1C62-44F1-BFC8-C40E74E18572}.Release|Any CPU.Build.0 = Release|Any CPU
		{8EE9A0EC-2D36-48DC-942E-DF809D47D347}.Debug|Any CPU.ActiveCfg = Debug|Any CPU
		{8EE9A0EC-2D36-48DC-942E-DF809D47D347}.Debug|Any CPU.Build.0 = Debug|Any CPU
		{8EE9A0EC-2D36-48DC-942E-DF809D47D347}.Release|Any CPU.ActiveCfg = Release|Any CPU
		{8EE9A0EC-2D36-48DC-942E-DF809D47D347}.Release|Any CPU.Build.0 = Release|Any CPU
		{D2B6E606-5DBF-4DDA-BD0C-ADA98A61C566}.Debug|Any CPU.ActiveCfg = Debug|Any CPU
		{D2B6E606-5DBF-4DDA-BD0C-ADA98A61C566}.Debug|Any CPU.Build.0 = Debug|Any CPU
		{D2B6E606-5DBF-4DDA-BD0C-ADA98A61C566}.Release|Any CPU.ActiveCfg = Release|Any CPU
		{D2B6E606-5DBF-4DDA-BD0C-ADA98A61C566}.Release|Any CPU.Build.0 = Release|Any CPU
		{80EC04A3-B526-4758-9E70-178E5EBC2E7D}.Debug|Any CPU.ActiveCfg = Debug|Any CPU
		{80EC04A3-B526-4758-9E70-178E5EBC2E7D}.Debug|Any CPU.Build.0 = Debug|Any CPU
		{80EC04A3-B526-4758-9E70-178E5EBC2E7D}.Release|Any CPU.ActiveCfg = Release|Any CPU
		{80EC04A3-B526-4758-9E70-178E5EBC2E7D}.Release|Any CPU.Build.0 = Release|Any CPU
	EndGlobalSection
	GlobalSection(SolutionProperties) = preSolution
		HideSolutionNode = FALSE
	EndGlobalSection
	GlobalSection(NestedProjects) = preSolution
		{9CB10300-408D-4D2F-BB75-DE3FCF0A981D} = {3C321C15-E353-4C2D-8D2F-EBD76F101F81}
		{6EFFEFAE-CD8A-4DCC-9803-0A3AFEF1FC7B} = {3C321C15-E353-4C2D-8D2F-EBD76F101F81}
		{E8894FFC-2B39-4E1C-8351-450A9D05CFB4} = {3C321C15-E353-4C2D-8D2F-EBD76F101F81}
		{A50A12C1-171C-43ED-94A4-3AB99E96B61C} = {3C321C15-E353-4C2D-8D2F-EBD76F101F81}
		{219B2F8F-6EE4-4839-ACFC-D7C31A158485} = {71E89727-D060-445E-94BE-57BD5C5C9F82}
		{0B8F91CF-1C62-44F1-BFC8-C40E74E18572} = {71E89727-D060-445E-94BE-57BD5C5C9F82}
		{8EE9A0EC-2D36-48DC-942E-DF809D47D347} = {C1AC0087-A698-4A5B-836A-1FDA81C37D51}
		{D2B6E606-5DBF-4DDA-BD0C-ADA98A61C566} = {1098723F-CEA2-4291-B09E-66295B2CE875}
		{80EC04A3-B526-4758-9E70-178E5EBC2E7D} = {FB191F7F-44F9-4EBE-9C2C-85EBDF49B5DF}
	EndGlobalSection
	GlobalSection(ExtensibilityGlobals) = postSolution
		SolutionGuid = {7A84C87C-AE9D-4554-8E27-348A017AC39D}
	EndGlobalSection
EndGlobal
